
Microsoft Visual Studio Solution File, Format Version 12.00
# Visual Studio Version 17
VisualStudioVersion = 17.12.35514.174
MinimumVisualStudioVersion = 10.0.40219.1
Project("{FAE04EC0-301F-11D3-BF4B-00C04F79EFBC}") = "CustomerApp_MinimalApi", "CustomerApp_MinimalApi\CustomerApp_MinimalApi.csproj", "{10493F33-5063-43EF-9E11-92191116740B}"
EndProject
Project("{FAE04EC0-301F-11D3-BF4B-00C04F79EFBC}") = "Shared_Model", "Shared_Model\Shared_Model.csproj", "{A5DB8FFD-B6EC-44B6-BDF2-784C2A242227}"
EndProject
Project("{FAE04EC0-301F-11D3-BF4B-00C04F79EFBC}") = "CustomerNotificationFunction", "newFunction\CustomerNotificationFunction.csproj", "{7A0EDA19-73C3-431B-8599-18EEBDEA4160}"
EndProject
Global
	GlobalSection(SolutionConfigurationPlatforms) = preSolution
		Debug|Any CPU = Debug|Any CPU
		Release|Any CPU = Release|Any CPU
	EndGlobalSection
	GlobalSection(ProjectConfigurationPlatforms) = postSolution
		{10493F33-5063-43EF-9E11-92191116740B}.Debug|Any CPU.ActiveCfg = Debug|Any CPU
		{10493F33-5063-43EF-9E11-92191116740B}.Debug|Any CPU.Build.0 = Debug|Any CPU
		{10493F33-5063-43EF-9E11-92191116740B}.Release|Any CPU.ActiveCfg = Release|Any CPU
		{10493F33-5063-43EF-9E11-92191116740B}.Release|Any CPU.Build.0 = Release|Any CPU
		{A5DB8FFD-B6EC-44B6-BDF2-784C2A242227}.Debug|Any CPU.ActiveCfg = Debug|Any CPU
		{A5DB8FFD-B6EC-44B6-BDF2-784C2A242227}.Debug|Any CPU.Build.0 = Debug|Any CPU
		{A5DB8FFD-B6EC-44B6-BDF2-784C2A242227}.Release|Any CPU.ActiveCfg = Release|Any CPU
		{A5DB8FFD-B6EC-44B6-BDF2-784C2A242227}.Release|Any CPU.Build.0 = Release|Any CPU
		{7A0EDA19-73C3-431B-8599-18EEBDEA4160}.Debug|Any CPU.ActiveCfg = Debug|Any CPU
		{7A0EDA19-73C3-431B-8599-18EEBDEA4160}.Debug|Any CPU.Build.0 = Debug|Any CPU
		{7A0EDA19-73C3-431B-8599-18EEBDEA4160}.Release|Any CPU.ActiveCfg = Release|Any CPU
		{7A0EDA19-73C3-431B-8599-18EEBDEA4160}.Release|Any CPU.Build.0 = Release|Any CPU
	EndGlobalSection
	GlobalSection(SolutionProperties) = preSolution
		HideSolutionNode = FALSE
	EndGlobalSection
EndGlobal
